
Microsoft Visual Studio Solution File, Format Version 12.00
# Visual Studio Version 16
VisualStudioVersion = 16.0.32901.82
MinimumVisualStudioVersion = 10.0.40219.1
Project("{8BC9CEB8-8B4A-11D0-8D11-00A0C91BC942}") = "FunctionsExercise2", "FunctionsExercise2\FunctionsExercise2.vcxproj", "{BB001A08-4E33-4BDF-BFF3-FDFB7B90C6DF}"
EndProject
Global
	GlobalSection(SolutionConfigurationPlatforms) = preSolution
		Debug|x64 = Debug|x64
		Debug|x86 = Debug|x86
		Release|x64 = Release|x64
		Release|x86 = Release|x86
	EndGlobalSection
	GlobalSection(ProjectConfigurationPlatforms) = postSolution
		{BB001A08-4E33-4BDF-BFF3-FDFB7B90C6DF}.Debug|x64.ActiveCfg = Debug|x64
		{BB001A08-4E33-4BDF-BFF3-FDFB7B90C6DF}.Debug|x64.Build.0 = Debug|x64
		{BB001A08-4E33-4BDF-BFF3-FDFB7B90C6DF}.Debug|x86.ActiveCfg = Debug|Win32
		{BB001A08-4E33-4BDF-BFF3-FDFB7B90C6DF}.Debug|x86.Build.0 = Debug|Win32
		{BB001A08-4E33-4BDF-BFF3-FDFB7B90C6DF}.Release|x64.ActiveCfg = Release|x64
		{BB001A08-4E33-4BDF-BFF3-FDFB7B90C6DF}.Release|x64.Build.0 = Release|x64
		{BB001A08-4E33-4BDF-BFF3-FDFB7B90C6DF}.Release|x86.ActiveCfg = Release|Win32
		{BB001A08-4E33-4BDF-BFF3-FDFB7B90C6DF}.Release|x86.Build.0 = Release|Win32
	EndGlobalSection
	GlobalSection(SolutionProperties) = preSolution
		HideSolutionNode = FALSE
	EndGlobalSection
	GlobalSection(ExtensibilityGlobals) = postSolution
		SolutionGuid = {FE2005F7-CBA1-4A94-8BC9-19E3D6EE602B}
	EndGlobalSection
EndGlobal
